
Microsoft Visual Studio Solution File, Format Version 12.00
# Visual Studio Version 17
VisualStudioVersion = 17.12.35527.113
MinimumVisualStudioVersion = 10.0.40219.1
Project("{FAE04EC0-301F-11D3-BF4B-00C04F79EFBC}") = "AWLT2022.API", "AWLT2022.API\AWLT2022.API.csproj", "{9B2000B4-C359-4786-984A-411A648DA4CB}"
EndProject
Project("{FAE04EC0-301F-11D3-BF4B-00C04F79EFBC}") = "Customers", "Customers\Customers.csproj", "{386F209E-511C-46A5-B881-ECF177A65194}"
EndProject
Project("{FAE04EC0-301F-11D3-BF4B-00C04F79EFBC}") = "EnigeeringEmployeeBasicInfo", "EnigeeringEmployeeBasicInfo\EnigeeringEmployeeBasicInfo.csproj", "{23F4F425-C684-4B9A-B37D-1A841D04AA21}"
EndProject
Project("{FAE04EC0-301F-11D3-BF4B-00C04F79EFBC}") = "GetDepartmentEmployeeCountService", "GetDepartmentEmployeeCountService\GetDepartmentEmployeeCountService.csproj", "{6464614D-F48F-4D14-BF19-F0F6DC63BFCA}"
EndProject
Global
	GlobalSection(SolutionConfigurationPlatforms) = preSolution
		Debug|Any CPU = Debug|Any CPU
		Release|Any CPU = Release|Any CPU
	EndGlobalSection
	GlobalSection(ProjectConfigurationPlatforms) = postSolution
		{9B2000B4-C359-4786-984A-411A648DA4CB}.Debug|Any CPU.ActiveCfg = Debug|Any CPU
		{9B2000B4-C359-4786-984A-411A648DA4CB}.Debug|Any CPU.Build.0 = Debug|Any CPU
		{9B2000B4-C359-4786-984A-411A648DA4CB}.Release|Any CPU.ActiveCfg = Release|Any CPU
		{9B2000B4-C359-4786-984A-411A648DA4CB}.Release|Any CPU.Build.0 = Release|Any CPU
		{386F209E-511C-46A5-B881-ECF177A65194}.Debug|Any CPU.ActiveCfg = Debug|Any CPU
		{386F209E-511C-46A5-B881-ECF177A65194}.Debug|Any CPU.Build.0 = Debug|Any CPU
		{386F209E-511C-46A5-B881-ECF177A65194}.Release|Any CPU.ActiveCfg = Release|Any CPU
		{386F209E-511C-46A5-B881-ECF177A65194}.Release|Any CPU.Build.0 = Release|Any CPU
		{23F4F425-C684-4B9A-B37D-1A841D04AA21}.Debug|Any CPU.ActiveCfg = Debug|Any CPU
		{23F4F425-C684-4B9A-B37D-1A841D04AA21}.Debug|Any CPU.Build.0 = Debug|Any CPU
		{23F4F425-C684-4B9A-B37D-1A841D04AA21}.Release|Any CPU.ActiveCfg = Release|Any CPU
		{23F4F425-C684-4B9A-B37D-1A841D04AA21}.Release|Any CPU.Build.0 = Release|Any CPU
		{6464614D-F48F-4D14-BF19-F0F6DC63BFCA}.Debug|Any CPU.ActiveCfg = Debug|Any CPU
		{6464614D-F48F-4D14-BF19-F0F6DC63BFCA}.Debug|Any CPU.Build.0 = Debug|Any CPU
		{6464614D-F48F-4D14-BF19-F0F6DC63BFCA}.Release|Any CPU.ActiveCfg = Release|Any CPU
		{6464614D-F48F-4D14-BF19-F0F6DC63BFCA}.Release|Any CPU.Build.0 = Release|Any CPU
	EndGlobalSection
	GlobalSection(SolutionProperties) = preSolution
		HideSolutionNode = FALSE
	EndGlobalSection
EndGlobal
